
Microsoft Visual Studio Solution File, Format Version 12.00
# Visual Studio Version 17
VisualStudioVersion = 17.0.31903.59
MinimumVisualStudioVersion = 10.0.40219.1
Project("{FAE04EC0-301F-11D3-BF4B-00C04F79EFBC}") = "api-help-desk", "api-help-desk\api-help-desk.csproj", "{A7893502-8FD6-4322-991B-C6F33A0685ED}"
EndProject

Global
	GlobalSection(SolutionConfigurationPlatforms) = preSolution
		Debug|Any CPU = Debug|Any CPU
		Release|Any CPU = Release|Any CPU
	EndGlobalSection
	GlobalSection(SolutionProperties) = preSolution
		HideSolutionNode = FALSE
	EndGlobalSection
	GlobalSection(ProjectConfigurationPlatforms) = postSolution
		{A7893502-8FD6-4322-991B-C6F33A0685ED}.Debug|Any CPU.ActiveCfg = Debug|Any CPU
		{A7893502-8FD6-4322-991B-C6F33A0685ED}.Debug|Any CPU.Build.0 = Debug|Any CPU
		{A7893502-8FD6-4322-991B-C6F33A0685ED}.Release|Any CPU.ActiveCfg = Release|Any CPU
		{A7893502-8FD6-4322-991B-C6F33A0685ED}.Release|Any CPU.Build.0 = Release|Any CPU
		{E6F327C5-8B91-4117-9ECC-B8CEE395C0E1}.Debug|Any CPU.ActiveCfg = Debug|Any CPU
		{E6F327C5-8B91-4117-9ECC-B8CEE395C0E1}.Debug|Any CPU.Build.0 = Debug|Any CPU
		{E6F327C5-8B91-4117-9ECC-B8CEE395C0E1}.Release|Any CPU.ActiveCfg = Release|Any CPU
		{E6F327C5-8B91-4117-9ECC-B8CEE395C0E1}.Release|Any CPU.Build.0 = Release|Any CPU
		{2F5563A4-CF64-4741-B75F-C367D8A77D7B}.Debug|Any CPU.ActiveCfg = Debug|Any CPU
		{2F5563A4-CF64-4741-B75F-C367D8A77D7B}.Debug|Any CPU.Build.0 = Debug|Any CPU
		{2F5563A4-CF64-4741-B75F-C367D8A77D7B}.Release|Any CPU.ActiveCfg = Release|Any CPU
		{2F5563A4-CF64-4741-B75F-C367D8A77D7B}.Release|Any CPU.Build.0 = Release|Any CPU
		{ADE08D2D-9B8A-48DF-963C-AE3FA03B1E15}.Debug|Any CPU.ActiveCfg = Debug|Any CPU
		{ADE08D2D-9B8A-48DF-963C-AE3FA03B1E15}.Debug|Any CPU.Build.0 = Debug|Any CPU
		{ADE08D2D-9B8A-48DF-963C-AE3FA03B1E15}.Release|Any CPU.ActiveCfg = Release|Any CPU
		{ADE08D2D-9B8A-48DF-963C-AE3FA03B1E15}.Release|Any CPU.Build.0 = Release|Any CPU
		{E7F42187-5F8B-4E4A-A569-5719B3A6E6BC}.Debug|Any CPU.ActiveCfg = Debug|Any CPU
		{E7F42187-5F8B-4E4A-A569-5719B3A6E6BC}.Debug|Any CPU.Build.0 = Debug|Any CPU
		{E7F42187-5F8B-4E4A-A569-5719B3A6E6BC}.Release|Any CPU.ActiveCfg = Release|Any CPU
		{E7F42187-5F8B-4E4A-A569-5719B3A6E6BC}.Release|Any CPU.Build.0 = Release|Any CPU
		{C0C8894C-2228-4C2D-B021-8387A2011603}.Debug|Any CPU.ActiveCfg = Debug|Any CPU
		{C0C8894C-2228-4C2D-B021-8387A2011603}.Debug|Any CPU.Build.0 = Debug|Any CPU
		{C0C8894C-2228-4C2D-B021-8387A2011603}.Release|Any CPU.ActiveCfg = Release|Any CPU
		{C0C8894C-2228-4C2D-B021-8387A2011603}.Release|Any CPU.Build.0 = Release|Any CPU
	EndGlobalSection
EndGlobal
